
Microsoft Visual Studio Solution File, Format Version 12.00
# Visual Studio Version 16
VisualStudioVersion = 16.0.30717.126
MinimumVisualStudioVersion = 10.0.40219.1
Project("{F184B08F-C81C-45F6-A57F-5ABD9991F28F}") = "gallreader-gui", "gallreader-gui\gallreader-gui.vbproj", "{3148D618-0BA5-496C-8807-53D07196CAB9}"
EndProject
Global
	GlobalSection(SolutionConfigurationPlatforms) = preSolution
		Debug|Any CPU = Debug|Any CPU
		Release|Any CPU = Release|Any CPU
	EndGlobalSection
	GlobalSection(ProjectConfigurationPlatforms) = postSolution
		{3148D618-0BA5-496C-8807-53D07196CAB9}.Debug|Any CPU.ActiveCfg = Debug|Any CPU
		{3148D618-0BA5-496C-8807-53D07196CAB9}.Debug|Any CPU.Build.0 = Debug|Any CPU
		{3148D618-0BA5-496C-8807-53D07196CAB9}.Release|Any CPU.ActiveCfg = Release|Any CPU
		{3148D618-0BA5-496C-8807-53D07196CAB9}.Release|Any CPU.Build.0 = Release|Any CPU
	EndGlobalSection
	GlobalSection(SolutionProperties) = preSolution
		HideSolutionNode = FALSE
	EndGlobalSection
	GlobalSection(ExtensibilityGlobals) = postSolution
		SolutionGuid = {0F0E0CC9-E038-4221-8196-98990B196162}
	EndGlobalSection
EndGlobal
